// !$*UTF8*$!
{
	archiveVersion = 1;
	classes = {
	};
	objectVersion = 46;
	objects = {

/* Begin PBXBuildFile section */
		0D181930193517620090C226 /* Foundation.framework in Frameworks */ = {isa = PBXBuildFile; fileRef = 0D18192F193517620090C226 /* Foundation.framework */; };
		0D181932193517620090C226 /* CoreGraphics.framework in Frameworks */ = {isa = PBXBuildFile; fileRef = 0D181931193517620090C226 /* CoreGraphics.framework */; };
		0D181934193517620090C226 /* UIKit.framework in Frameworks */ = {isa = PBXBuildFile; fileRef = 0D181933193517620090C226 /* UIKit.framework */; };
		0D18193A193517620090C226 /* InfoPlist.strings in Resources */ = {isa = PBXBuildFile; fileRef = 0D181938193517620090C226 /* InfoPlist.strings */; };
		0D18193C193517620090C226 /* main.m in Sources */ = {isa = PBXBuildFile; fileRef = 0D18193B193517620090C226 /* main.m */; };
		0D181940193517620090C226 /* GSAppDelegate.m in Sources */ = {isa = PBXBuildFile; fileRef = 0D18193F193517620090C226 /* GSAppDelegate.m */; };
		0D181943193517620090C226 /* Main.storyboard in Resources */ = {isa = PBXBuildFile; fileRef = 0D181941193517620090C226 /* Main.storyboard */; };
		0D181946193517620090C226 /* GSMasterViewController.m in Sources */ = {isa = PBXBuildFile; fileRef = 0D181945193517620090C226 /* GSMasterViewController.m */; };
		0D18194B193517620090C226 /* Images.xcassets in Resources */ = {isa = PBXBuildFile; fileRef = 0D18194A193517620090C226 /* Images.xcassets */; };
		0D181952193517620090C226 /* XCTest.framework in Frameworks */ = {isa = PBXBuildFile; fileRef = 0D181951193517620090C226 /* XCTest.framework */; };
		0D181953193517620090C226 /* Foundation.framework in Frameworks */ = {isa = PBXBuildFile; fileRef = 0D18192F193517620090C226 /* Foundation.framework */; };
		0D181954193517620090C226 /* UIKit.framework in Frameworks */ = {isa = PBXBuildFile; fileRef = 0D181933193517620090C226 /* UIKit.framework */; };
		0D18195C193517620090C226 /* InfoPlist.strings in Resources */ = {isa = PBXBuildFile; fileRef = 0D18195A193517620090C226 /* InfoPlist.strings */; };
		0D18195E193517620090C226 /* ExampleTests.m in Sources */ = {isa = PBXBuildFile; fileRef = 0D18195D193517620090C226 /* ExampleTests.m */; };
		21765D32397C4002B24F406A /* libPods-Example.a in Frameworks */ = {isa = PBXBuildFile; fileRef = 15335D3F6E594D14AB492BF9 /* libPods-Example.a */; };
/* End PBXBuildFile section */

/* Begin PBXContainerItemProxy section */
		0D181955193517620090C226 /* PBXContainerItemProxy */ = {
			isa = PBXContainerItemProxy;
			containerPortal = 0D181924193517620090C226 /* Project object */;
			proxyType = 1;
			remoteGlobalIDString = 0D18192B193517620090C226;
			remoteInfo = Example;
		};
/* End PBXContainerItemProxy section */

/* Begin PBXFileReference section */
		0D18192C193517620090C226 /* Example.app */ = {isa = PBXFileReference; explicitFileType = wrapper.application; includeInIndex = 0; path = Example.app; sourceTree = BUILT_PRODUCTS_DIR; };
		0D18192F193517620090C226 /* Foundation.framework */ = {isa = PBXFileReference; lastKnownFileType = wrapper.framework; name = Foundation.framework; path = System/Library/Frameworks/Foundation.framework; sourceTree = SDKROOT; };
		0D181931193517620090C226 /* CoreGraphics.framework */ = {isa = PBXFileReference; lastKnownFileType = wrapper.framework; name = CoreGraphics.framework; path = System/Library/Frameworks/CoreGraphics.framework; sourceTree = SDKROOT; };
		0D181933193517620090C226 /* UIKit.framework */ = {isa = PBXFileReference; lastKnownFileType = wrapper.framework; name = UIKit.framework; path = System/Library/Frameworks/UIKit.framework; sourceTree = SDKROOT; };
		0D181937193517620090C226 /* Example-Info.plist */ = {isa = PBXFileReference; lastKnownFileType = text.plist.xml; path = "Example-Info.plist"; sourceTree = "<group>"; };
		0D181939193517620090C226 /* en */ = {isa = PBXFileReference; lastKnownFileType = text.plist.strings; name = en; path = en.lproj/InfoPlist.strings; sourceTree = "<group>"; };
		0D18193B193517620090C226 /* main.m */ = {isa = PBXFileReference; lastKnownFileType = sourcecode.c.objc; path = main.m; sourceTree = "<group>"; };
		0D18193D193517620090C226 /* Example-Prefix.pch */ = {isa = PBXFileReference; lastKnownFileType = sourcecode.c.h; path = "Example-Prefix.pch"; sourceTree = "<group>"; };
		0D18193E193517620090C226 /* GSAppDelegate.h */ = {isa = PBXFileReference; lastKnownFileType = sourcecode.c.h; path = GSAppDelegate.h; sourceTree = "<group>"; };
		0D18193F193517620090C226 /* GSAppDelegate.m */ = {isa = PBXFileReference; lastKnownFileType = sourcecode.c.objc; path = GSAppDelegate.m; sourceTree = "<group>"; };
		0D181942193517620090C226 /* Base */ = {isa = PBXFileReference; lastKnownFileType = file.storyboard; name = Base; path = Base.lproj/Main.storyboard; sourceTree = "<group>"; };
		0D181944193517620090C226 /* GSMasterViewController.h */ = {isa = PBXFileReference; lastKnownFileType = sourcecode.c.h; path = GSMasterViewController.h; sourceTree = "<group>"; };
		0D181945193517620090C226 /* GSMasterViewController.m */ = {isa = PBXFileReference; lastKnownFileType = sourcecode.c.objc; path = GSMasterViewController.m; sourceTree = "<group>"; };
		0D18194A193517620090C226 /* Images.xcassets */ = {isa = PBXFileReference; lastKnownFileType = folder.assetcatalog; path = Images.xcassets; sourceTree = "<group>"; };
		0D181950193517620090C226 /* ExampleTests.xctest */ = {isa = PBXFileReference; explicitFileType = wrapper.cfbundle; includeInIndex = 0; path = ExampleTests.xctest; sourceTree = BUILT_PRODUCTS_DIR; };
		0D181951193517620090C226 /* XCTest.framework */ = {isa = PBXFileReference; lastKnownFileType = wrapper.framework; name = XCTest.framework; path = Library/Frameworks/XCTest.framework; sourceTree = DEVELOPER_DIR; };
		0D181959193517620090C226 /* ExampleTests-Info.plist */ = {isa = PBXFileReference; lastKnownFileType = text.plist.xml; path = "ExampleTests-Info.plist"; sourceTree = "<group>"; };
		0D18195B193517620090C226 /* en */ = {isa = PBXFileReference; lastKnownFileType = text.plist.strings; name = en; path = en.lproj/InfoPlist.strings; sourceTree = "<group>"; };
		0D18195D193517620090C226 /* ExampleTests.m */ = {isa = PBXFileReference; lastKnownFileType = sourcecode.c.objc; path = ExampleTests.m; sourceTree = "<group>"; };
		15335D3F6E594D14AB492BF9 /* libPods-Example.a */ = {isa = PBXFileReference; explicitFileType = archive.ar; includeInIndex = 0; path = "libPods-Example.a"; sourceTree = BUILT_PRODUCTS_DIR; };
		BCB871ABFE504B0B8C97724A /* Pods-Example.xcconfig */ = {isa = PBXFileReference; includeInIndex = 1; lastKnownFileType = text.xcconfig; name = "Pods-Example.xcconfig"; path = "Pods/Pods-Example.xcconfig"; sourceTree = "<group>"; };
/* End PBXFileReference section */

/* Begin PBXFrameworksBuildPhase section */
		0D181929193517620090C226 /* Frameworks */ = {
			isa = PBXFrameworksBuildPhase;
			buildActionMask = 2147483647;
			files = (
				0D181932193517620090C226 /* CoreGraphics.framework in Frameworks */,
				0D181934193517620090C226 /* UIKit.framework in Frameworks */,
				0D181930193517620090C226 /* Foundation.framework in Frameworks */,
				21765D32397C4002B24F406A /* libPods-Example.a in Frameworks */,
			);
			runOnlyForDeploymentPostprocessing = 0;
		};
		0D18194D193517620090C226 /* Frameworks */ = {
			isa = PBXFrameworksBuildPhase;
			buildActionMask = 2147483647;
			files = (
				0D181952193517620090C226 /* XCTest.framework in Frameworks */,
				0D181954193517620090C226 /* UIKit.framework in Frameworks */,
				0D181953193517620090C226 /* Foundation.framework in Frameworks */,
			);
			runOnlyForDeploymentPostprocessing = 0;
		};
/* End PBXFrameworksBuildPhase section */

/* Begin PBXGroup section */
		0D181923193517620090C226 = {
			isa = PBXGroup;
			children = (
				0D181935193517620090C226 /* Example */,
				0D181957193517620090C226 /* ExampleTests */,
				0D18192E193517620090C226 /* Frameworks */,
				0D18192D193517620090C226 /* Products */,
				BCB871ABFE504B0B8C97724A /* Pods-Example.xcconfig */,
			);
			sourceTree = "<group>";
		};
		0D18192D193517620090C226 /* Products */ = {
			isa = PBXGroup;
			children = (
				0D18192C193517620090C226 /* Example.app */,
				0D181950193517620090C226 /* ExampleTests.xctest */,
			);
			name = Products;
			sourceTree = "<group>";
		};
		0D18192E193517620090C226 /* Frameworks */ = {
			isa = PBXGroup;
			children = (
				0D18192F193517620090C226 /* Foundation.framework */,
				0D181931193517620090C226 /* CoreGraphics.framework */,
				0D181933193517620090C226 /* UIKit.framework */,
				0D181951193517620090C226 /* XCTest.framework */,
				15335D3F6E594D14AB492BF9 /* libPods-Example.a */,
			);
			name = Frameworks;
			sourceTree = "<group>";
		};
		0D181935193517620090C226 /* Example */ = {
			isa = PBXGroup;
			children = (
				0D18193E193517620090C226 /* GSAppDelegate.h */,
				0D18193F193517620090C226 /* GSAppDelegate.m */,
				0D181941193517620090C226 /* Main.storyboard */,
				0D181944193517620090C226 /* GSMasterViewController.h */,
				0D181945193517620090C226 /* GSMasterViewController.m */,
				0D18194A193517620090C226 /* Images.xcassets */,
				0D181936193517620090C226 /* Supporting Files */,
			);
			path = Example;
			sourceTree = "<group>";
		};
		0D181936193517620090C226 /* Supporting Files */ = {
			isa = PBXGroup;
			children = (
				0D181937193517620090C226 /* Example-Info.plist */,
				0D181938193517620090C226 /* InfoPlist.strings */,
				0D18193B193517620090C226 /* main.m */,
				0D18193D193517620090C226 /* Example-Prefix.pch */,
			);
			name = "Supporting Files";
			sourceTree = "<group>";
		};
		0D181957193517620090C226 /* ExampleTests */ = {
			isa = PBXGroup;
			children = (
				0D18195D193517620090C226 /* ExampleTests.m */,
				0D181958193517620090C226 /* Supporting Files */,
			);
			path = ExampleTests;
			sourceTree = "<group>";
		};
		0D181958193517620090C226 /* Supporting Files */ = {
			isa = PBXGroup;
			children = (
				0D181959193517620090C226 /* ExampleTests-Info.plist */,
				0D18195A193517620090C226 /* InfoPlist.strings */,
			);
			name = "Supporting Files";
			sourceTree = "<group>";
		};
/* End PBXGroup section */

/* Begin PBXNativeTarget section */
		0D18192B193517620090C226 /* Example */ = {
			isa = PBXNativeTarget;
			buildConfigurationList = 0D181961193517620090C226 /* Build configuration list for PBXNativeTarget "Example" */;
			buildPhases = (
				E6D63B314F9D4E35ADCE93D3 /* Check Pods Manifest.lock */,
				0D181928193517620090C226 /* Sources */,
				0D181929193517620090C226 /* Frameworks */,
				0D18192A193517620090C226 /* Resources */,
				3F0C91036338420A9995E3B4 /* Copy Pods Resources */,
			);
			buildRules = (
			);
			dependencies = (
			);
			name = Example;
			productName = Example;
			productReference = 0D18192C193517620090C226 /* Example.app */;
			productType = "com.apple.product-type.application";
		};
		0D18194F193517620090C226 /* ExampleTests */ = {
			isa = PBXNativeTarget;
			buildConfigurationList = 0D181964193517620090C226 /* Build configuration list for PBXNativeTarget "ExampleTests" */;
			buildPhases = (
				0D18194C193517620090C226 /* Sources */,
				0D18194D193517620090C226 /* Frameworks */,
				0D18194E193517620090C226 /* Resources */,
			);
			buildRules = (
			);
			dependencies = (
				0D181956193517620090C226 /* PBXTargetDependency */,
			);
			name = ExampleTests;
			productName = ExampleTests;
			productReference = 0D181950193517620090C226 /* ExampleTests.xctest */;
			productType = "com.apple.product-type.bundle.unit-test";
		};
/* End PBXNativeTarget section */

/* Begin PBXProject section */
		0D181924193517620090C226 /* Project object */ = {
			isa = PBXProject;
			attributes = {
				CLASSPREFIX = GS;
				LastUpgradeCheck = 0510;
				ORGANIZATIONNAME = "Endika Gutiérrez Salas";
				TargetAttributes = {
					0D18194F193517620090C226 = {
						TestTargetID = 0D18192B193517620090C226;
					};
				};
			};
			buildConfigurationList = 0D181927193517620090C226 /* Build configuration list for PBXProject "Example" */;
			compatibilityVersion = "Xcode 3.2";
			developmentRegion = English;
			hasScannedForEncodings = 0;
			knownRegions = (
				en,
				Base,
			);
			mainGroup = 0D181923193517620090C226;
			productRefGroup = 0D18192D193517620090C226 /* Products */;
			projectDirPath = "";
			projectRoot = "";
			targets = (
				0D18192B193517620090C226 /* Example */,
				0D18194F193517620090C226 /* ExampleTests */,
			);
		};
/* End PBXProject section */

/* Begin PBXResourcesBuildPhase section */
		0D18192A193517620090C226 /* Resources */ = {
			isa = PBXResourcesBuildPhase;
			buildActionMask = 2147483647;
			files = (
				0D18194B193517620090C226 /* Images.xcassets in Resources */,
				0D18193A193517620090C226 /* InfoPlist.strings in Resources */,
				0D181943193517620090C226 /* Main.storyboard in Resources */,
			);
			runOnlyForDeploymentPostprocessing = 0;
		};
		0D18194E193517620090C226 /* Resources */ = {
			isa = PBXResourcesBuildPhase;
			buildActionMask = 2147483647;
			files = (
				0D18195C193517620090C226 /* InfoPlist.strings in Resources */,
			);
			runOnlyForDeploymentPostprocessing = 0;
		};
/* End PBXResourcesBuildPhase section */

/* Begin PBXShellScriptBuildPhase section */
		3F0C91036338420A9995E3B4 /* Copy Pods Resources */ = {
			isa = PBXShellScriptBuildPhase;
			buildActionMask = 2147483647;
			files = (
			);
			inputPaths = (
			);
			name = "Copy Pods Resources";
			outputPaths = (
			);
			runOnlyForDeploymentPostprocessing = 0;
			shellPath = /bin/sh;
			shellScript = "\"${SRCROOT}/Pods/Pods-Example-resources.sh\"\n";
			showEnvVarsInLog = 0;
		};
		E6D63B314F9D4E35ADCE93D3 /* Check Pods Manifest.lock */ = {
			isa = PBXShellScriptBuildPhase;
			buildActionMask = 2147483647;
			files = (
			);
			inputPaths = (
			);
			name = "Check Pods Manifest.lock";
			outputPaths = (
			);
			runOnlyForDeploymentPostprocessing = 0;
			shellPath = /bin/sh;
			shellScript = "diff \"${PODS_ROOT}/../Podfile.lock\" \"${PODS_ROOT}/Manifest.lock\" > /dev/null\nif [[ $? != 0 ]] ; then\n    cat << EOM\nerror: The sandbox is not in sync with the Podfile.lock. Run 'pod install' or update your CocoaPods installation.\nEOM\n    exit 1\nfi\n";
			showEnvVarsInLog = 0;
		};
/* End PBXShellScriptBuildPhase section */

/* Begin PBXSourcesBuildPhase section */
		0D181928193517620090C226 /* Sources */ = {
			isa = PBXSourcesBuildPhase;
			buildActionMask = 2147483647;
			files = (
				0D181946193517620090C226 /* GSMasterViewController.m in Sources */,
				0D181940193517620090C226 /* GSAppDelegate.m in Sources */,
				0D18193C193517620090C226 /* main.m in Sources */,
			);
			runOnlyForDeploymentPostprocessing = 0;
		};
		0D18194C193517620090C226 /* Sources */ = {
			isa = PBXSourcesBuildPhase;
			buildActionMask = 2147483647;
			files = (
				0D18195E193517620090C226 /* ExampleTests.m in Sources */,
			);
			runOnlyForDeploymentPostprocessing = 0;
		};
/* End PBXSourcesBuildPhase section */

/* Begin PBXTargetDependency section */
		0D181956193517620090C226 /* PBXTargetDependency */ = {
			isa = PBXTargetDependency;
			target = 0D18192B193517620090C226 /* Example */;
			targetProxy = 0D181955193517620090C226 /* PBXContainerItemProxy */;
		};
/* End PBXTargetDependency section */

/* Begin PBXVariantGroup section */
		0D181938193517620090C226 /* InfoPlist.strings */ = {
			isa = PBXVariantGroup;
			children = (
				0D181939193517620090C226 /* en */,
			);
			name = InfoPlist.strings;
			sourceTree = "<group>";
		};
		0D181941193517620090C226 /* Main.storyboard */ = {
			isa = PBXVariantGroup;
			children = (
				0D181942193517620090C226 /* Base */,
			);
			name = Main.storyboard;
			sourceTree = "<group>";
		};
		0D18195A193517620090C226 /* InfoPlist.strings */ = {
			isa = PBXVariantGroup;
			children = (
				0D18195B193517620090C226 /* en */,
			);
			name = InfoPlist.strings;
			sourceTree = "<group>";
		};
/* End PBXVariantGroup section */

/* Begin XCBuildConfiguration section */
		0D18195F193517620090C226 /* Debug */ = {
			isa = XCBuildConfiguration;
			buildSettings = {
				ALWAYS_SEARCH_USER_PATHS = NO;
				CLANG_CXX_LANGUAGE_STANDARD = "gnu++0x";
				CLANG_CXX_LIBRARY = "libc++";
				CLANG_ENABLE_MODULES = YES;
				CLANG_ENABLE_OBJC_ARC = YES;
				CLANG_WARN_BOOL_CONVERSION = YES;
				CLANG_WARN_CONSTANT_CONVERSION = YES;
				CLANG_WARN_DIRECT_OBJC_ISA_USAGE = YES_ERROR;
				CLANG_WARN_EMPTY_BODY = YES;
				CLANG_WARN_ENUM_CONVERSION = YES;
				CLANG_WARN_INT_CONVERSION = YES;
				CLANG_WARN_OBJC_ROOT_CLASS = YES_ERROR;
				CLANG_WARN__DUPLICATE_METHOD_MATCH = YES;
				"CODE_SIGN_IDENTITY[sdk=iphoneos*]" = "iPhone Developer";
				COPY_PHASE_STRIP = NO;
				GCC_C_LANGUAGE_STANDARD = gnu99;
				GCC_DYNAMIC_NO_PIC = NO;
				GCC_OPTIMIZATION_LEVEL = 0;
				GCC_PREPROCESSOR_DEFINITIONS = (
					"DEBUG=1",
					"$(inherited)",
				);
				GCC_SYMBOLS_PRIVATE_EXTERN = NO;
				GCC_WARN_64_TO_32_BIT_CONVERSION = YES;
				GCC_WARN_ABOUT_RETURN_TYPE = YES_ERROR;
				GCC_WARN_UNDECLARED_SELECTOR = YES;
				GCC_WARN_UNINITIALIZED_AUTOS = YES_AGGRESSIVE;
				GCC_WARN_UNUSED_FUNCTION = YES;
				GCC_WARN_UNUSED_VARIABLE = YES;
				IPHONEOS_DEPLOYMENT_TARGET = 7.1;
				ONLY_ACTIVE_ARCH = YES;
				SDKROOT = iphoneos;
			};
			name = Debug;
		};
		0D181960193517620090C226 /* Release */ = {
			isa = XCBuildConfiguration;
			buildSettings = {
				ALWAYS_SEARCH_USER_PATHS = NO;
				CLANG_CXX_LANGUAGE_STANDARD = "gnu++0x";
				CLANG_CXX_LIBRARY = "libc++";
				CLANG_ENABLE_MODULES = YES;
				CLANG_ENABLE_OBJC_ARC = YES;
				CLANG_WARN_BOOL_CONVERSION = YES;
				CLANG_WARN_CONSTANT_CONVERSION = YES;
				CLANG_WARN_DIRECT_OBJC_ISA_USAGE = YES_ERROR;
				CLANG_WARN_EMPTY_BODY = YES;
				CLANG_WARN_ENUM_CONVERSION = YES;
				CLANG_WARN_INT_CONVERSION = YES;
				CLANG_WARN_OBJC_ROOT_CLASS = YES_ERROR;
				CLANG_WARN__DUPLICATE_METHOD_MATCH = YES;
				"CODE_SIGN_IDENTITY[sdk=iphoneos*]" = "iPhone Developer";
				COPY_PHASE_STRIP = YES;
				ENABLE_NS_ASSERTIONS = NO;
				GCC_C_LANGUAGE_STANDARD = gnu99;
				GCC_WARN_64_TO_32_BIT_CONVERSION = YES;
				GCC_WARN_ABOUT_RETURN_TYPE = YES_ERROR;
				GCC_WARN_UNDECLARED_SELECTOR = YES;
				GCC_WARN_UNINITIALIZED_AUTOS = YES_AGGRESSIVE;
				GCC_WARN_UNUSED_FUNCTION = YES;
				GCC_WARN_UNUSED_VARIABLE = YES;
				IPHONEOS_DEPLOYMENT_TARGET = 7.1;
				SDKROOT = iphoneos;
				VALIDATE_PRODUCT = YES;
			};
			name = Release;
		};
		0D181962193517620090C226 /* Debug */ = {
			isa = XCBuildConfiguration;
			baseConfigurationReference = BCB871ABFE504B0B8C97724A /* Pods-Example.xcconfig */;
			buildSettings = {
				ASSETCATALOG_COMPILER_APPICON_NAME = AppIcon;
				ASSETCATALOG_COMPILER_LAUNCHIMAGE_NAME = LaunchImage;
				GCC_PRECOMPILE_PREFIX_HEADER = YES;
				GCC_PREFIX_HEADER = "Example/Example-Prefix.pch";
				INFOPLIST_FILE = "Example/Example-Info.plist";
				PRODUCT_NAME = "$(TARGET_NAME)";
				WRAPPER_EXTENSION = app;
			};
			name = Debug;
		};
		0D181963193517620090C226 /* Release */ = {
			isa = XCBuildConfiguration;
			baseConfigurationReference = BCB871ABFE504B0B8C97724A /* Pods-Example.xcconfig */;
			buildSettings = {
				ASSETCATALOG_COMPILER_APPICON_NAME = AppIcon;
				ASSETCATALOG_COMPILER_LAUNCHIMAGE_NAME = LaunchImage;
				GCC_PRECOMPILE_PREFIX_HEADER = YES;
				GCC_PREFIX_HEADER = "Example/Example-Prefix.pch";
				INFOPLIST_FILE = "Example/Example-Info.plist";
				PRODUCT_NAME = "$(TARGET_NAME)";
				WRAPPER_EXTENSION = app;
			};
			name = Release;
		};
		0D181965193517620090C226 /* Debug */ = {
			isa = XCBuildConfiguration;
			buildSettings = {
				BUNDLE_LOADER = "$(BUILT_PRODUCTS_DIR)/Example.app/Example";
				FRAMEWORK_SEARCH_PATHS = (
					"$(SDKROOT)/Developer/Library/Frameworks",
					"$(inherited)",
					"$(DEVELOPER_FRAMEWORKS_DIR)",
				);
				GCC_PRECOMPILE_PREFIX_HEADER = YES;
				GCC_PREFIX_HEADER = "Example/Example-Prefix.pch";
				GCC_PREPROCESSOR_DEFINITIONS = (
					"DEBUG=1",
					"$(inherited)",
				);
				INFOPLIST_FILE = "ExampleTests/ExampleTests-Info.plist";
				PRODUCT_NAME = "$(TARGET_NAME)";
				TEST_HOST = "$(BUNDLE_LOADER)";
				WRAPPER_EXTENSION = xctest;
			};
			name = Debug;
		};
		0D181966193517620090C226 /* Release */ = {
			isa = XCBuildConfiguration;
			buildSettings = {
				BUNDLE_LOADER = "$(BUILT_PRODUCTS_DIR)/Example.app/Example";
				FRAMEWORK_SEARCH_PATHS = (
					"$(SDKROOT)/Developer/Library/Frameworks",
					"$(inherited)",
					"$(DEVELOPER_FRAMEWORKS_DIR)",
				);
				GCC_PRECOMPILE_PREFIX_HEADER = YES;
				GCC_PREFIX_HEADER = "Example/Example-Prefix.pch";
				INFOPLIST_FILE = "ExampleTests/ExampleTests-Info.plist";
				PRODUCT_NAME = "$(TARGET_NAME)";
				TEST_HOST = "$(BUNDLE_LOADER)";
				WRAPPER_EXTENSION = xctest;
			};
			name = Release;
		};
/* End XCBuildConfiguration section */

/* Begin XCConfigurationList section */
		0D181927193517620090C226 /* Build configuration list for PBXProject "Example" */ = {
			isa = XCConfigurationList;
			buildConfigurations = (
				0D18195F193517620090C226 /* Debug */,
				0D181960193517620090C226 /* Release */,
			);
			defaultConfigurationIsVisible = 0;
			defaultConfigurationName = Release;
		};
		0D181961193517620090C226 /* Build configuration list for PBXNativeTarget "Example" */ = {
			isa = XCConfigurationList;
			buildConfigurations = (
				0D181962193517620090C226 /* Debug */,
				0D181963193517620090C226 /* Release */,
			);
			defaultConfigurationIsVisible = 0;
			defaultConfigurationName = Release;
		};
		0D181964193517620090C226 /* Build configuration list for PBXNativeTarget "ExampleTests" */ = {
			isa = XCConfigurationList;
			buildConfigurations = (
				0D181965193517620090C226 /* Debug */,
				0D181966193517620090C226 /* Release */,
			);
			defaultConfigurationIsVisible = 0;
			defaultConfigurationName = Release;
		};
/* End XCConfigurationList section */
	};
	rootObject = 0D181924193517620090C226 /* Project object */;
}
